
Microsoft Visual Studio Solution File, Format Version 12.00
# Visual Studio 2013
VisualStudioVersion = 12.0.40629.0
MinimumVisualStudioVersion = 10.0.40219.1
Project("{FAE04EC0-301F-11D3-BF4B-00C04F79EFBC}") = "MindMath", "MindMath\MindMath.csproj", "{D4EBE2D6-989F-4B86-B2ED-AC2494371D67}"
EndProject
Project("{FAE04EC0-301F-11D3-BF4B-00C04F79EFBC}") = "MindMath.Test", "MindMath.Test\MindMath.Test.csproj", "{FAEEC4DD-84B7-45BE-B005-02CE2302694C}"
EndProject
Global
	GlobalSection(SolutionConfigurationPlatforms) = preSolution
		Debug|Any CPU = Debug|Any CPU
		Release|Any CPU = Release|Any CPU
	EndGlobalSection
	GlobalSection(ProjectConfigurationPlatforms) = postSolution
		{D4EBE2D6-989F-4B86-B2ED-AC2494371D67}.Debug|Any CPU.ActiveCfg = Debug|Any CPU
		{D4EBE2D6-989F-4B86-B2ED-AC2494371D67}.Debug|Any CPU.Build.0 = Debug|Any CPU
		{D4EBE2D6-989F-4B86-B2ED-AC2494371D67}.Release|Any CPU.ActiveCfg = Release|Any CPU
		{D4EBE2D6-989F-4B86-B2ED-AC2494371D67}.Release|Any CPU.Build.0 = Release|Any CPU
		{FAEEC4DD-84B7-45BE-B005-02CE2302694C}.Debug|Any CPU.ActiveCfg = Debug|Any CPU
		{FAEEC4DD-84B7-45BE-B005-02CE2302694C}.Debug|Any CPU.Build.0 = Debug|Any CPU
		{FAEEC4DD-84B7-45BE-B005-02CE2302694C}.Release|Any CPU.ActiveCfg = Release|Any CPU
		{FAEEC4DD-84B7-45BE-B005-02CE2302694C}.Release|Any CPU.Build.0 = Release|Any CPU
	EndGlobalSection
	GlobalSection(SolutionProperties) = preSolution
		HideSolutionNode = FALSE
	EndGlobalSection
EndGlobal
